
Microsoft Visual Studio Solution File, Format Version 12.00
# Visual Studio Version 17
VisualStudioVersion = 17.3.32929.385
MinimumVisualStudioVersion = 10.0.40219.1
Project("{FAE04EC0-301F-11D3-BF4B-00C04F79EFBC}") = "TelefonenUkazatel", "TelefonenUkazatel\TelefonenUkazatel.csproj", "{A9D61E38-01E6-4654-8E2E-C9215617A171}"
EndProject
Project("{FAE04EC0-301F-11D3-BF4B-00C04F79EFBC}") = "NechetniSreshtaniq", "NechetniSreshtaniq\NechetniSreshtaniq.csproj", "{0B5CB767-506F-4175-A366-59C035E80014}"
EndProject
Global
	GlobalSection(SolutionConfigurationPlatforms) = preSolution
		Debug|Any CPU = Debug|Any CPU
		Release|Any CPU = Release|Any CPU
	EndGlobalSection
	GlobalSection(ProjectConfigurationPlatforms) = postSolution
		{A9D61E38-01E6-4654-8E2E-C9215617A171}.Debug|Any CPU.ActiveCfg = Debug|Any CPU
		{A9D61E38-01E6-4654-8E2E-C9215617A171}.Debug|Any CPU.Build.0 = Debug|Any CPU
		{A9D61E38-01E6-4654-8E2E-C9215617A171}.Release|Any CPU.ActiveCfg = Release|Any CPU
		{A9D61E38-01E6-4654-8E2E-C9215617A171}.Release|Any CPU.Build.0 = Release|Any CPU
		{0B5CB767-506F-4175-A366-59C035E80014}.Debug|Any CPU.ActiveCfg = Debug|Any CPU
		{0B5CB767-506F-4175-A366-59C035E80014}.Debug|Any CPU.Build.0 = Debug|Any CPU
		{0B5CB767-506F-4175-A366-59C035E80014}.Release|Any CPU.ActiveCfg = Release|Any CPU
		{0B5CB767-506F-4175-A366-59C035E80014}.Release|Any CPU.Build.0 = Release|Any CPU
	EndGlobalSection
	GlobalSection(SolutionProperties) = preSolution
		HideSolutionNode = FALSE
	EndGlobalSection
	GlobalSection(ExtensibilityGlobals) = postSolution
		SolutionGuid = {D1198965-B427-44FA-B176-530FC6E1547A}
	EndGlobalSection
EndGlobal
